# THIS IS AN AUTOGENERATED FILE. DO NOT EDIT THIS FILE DIRECTLY.
# yarn lockfile v1


assertion-error@^1.0.1, assertion-error@^1.1.0:
  version "1.1.0"
  resolved "https://registry.yarnpkg.com/assertion-error/-/assertion-error-1.1.0.tgz#e60b6b0e8f301bd97e5375215bda406c85118c0b"

bessel@0.2.0:
  version "0.2.0"
  resolved "https://registry.yarnpkg.com/bessel/-/bessel-0.2.0.tgz#13cb39cd29233219ec2da725e0ba0c66fb46b6f2"
  dependencies:
    voc ""

bower@^1.8.4:
  version "1.8.4"
  resolved "https://registry.yarnpkg.com/bower/-/bower-1.8.4.tgz#e7876a076deb8137f7d06525dc5e8c66db82f28a"

caller-id@^0.1.0:
  version "0.1.0"
  resolved "https://registry.yarnpkg.com/caller-id/-/caller-id-0.1.0.tgz#59bdac0893d12c3871408279231f97458364f07b"
  dependencies:
    stack-trace "~0.0.7"

chai@4.1.2:
  version "4.1.2"
  resolved "https://registry.yarnpkg.com/chai/-/chai-4.1.2.tgz#0f64584ba642f0f2ace2806279f4f06ca23ad73c"
  dependencies:
    assertion-error "^1.0.1"
    check-error "^1.0.1"
    deep-eql "^3.0.0"
    get-func-name "^2.0.0"
    pathval "^1.0.0"
    type-detect "^4.0.0"

chai@^4.1.2:
  version "4.2.0"
  resolved "https://registry.yarnpkg.com/chai/-/chai-4.2.0.tgz#760aa72cf20e3795e84b12877ce0e83737aa29e5"
  dependencies:
    assertion-error "^1.1.0"
    check-error "^1.0.2"
    deep-eql "^3.0.1"
    get-func-name "^2.0.0"
    pathval "^1.1.0"
    type-detect "^4.0.5"

check-error@^1.0.1, check-error@^1.0.2:
  version "1.0.2"
  resolved "https://registry.yarnpkg.com/check-error/-/check-error-1.0.2.tgz#574d312edd88bb5dd8912e9286dd6c0aed4aac82"

clone@^1.0.2:
  version "1.0.4"
  resolved "https://registry.yarnpkg.com/clone/-/clone-1.0.4.tgz#da309cc263df15994c688ca902179ca3c7cd7c7e"

data-forge-fs@^0.0.3:
  version "0.0.3"
  resolved "https://registry.yarnpkg.com/data-forge-fs/-/data-forge-fs-0.0.3.tgz#c6d896fc6d888b0360127aca93e207454a4f2fe3"
  dependencies:
    chai "^4.1.2"

data-forge@^1.3.3:
  version "1.3.3"
  resolved "https://registry.yarnpkg.com/data-forge/-/data-forge-1.3.3.tgz#baf347db587b09698a7b83ead5007a5fb39ba708"
  dependencies:
    chai "4.1.2"
    easy-table "1.1.0"
    lodash "^4.17.11"
    mock-require "2.0.2"
    moment "2.22.1"
    numeral "^2.0.6"
    papaparse "4.4.0"
    statman-stopwatch "2.7.0"
    sugar "2.0.4"

deep-eql@^3.0.0, deep-eql@^3.0.1:
  version "3.0.1"
  resolved "https://registry.yarnpkg.com/deep-eql/-/deep-eql-3.0.1.tgz#dfc9404400ad1c8fe023e7da1df1c147c4b444df"
  dependencies:
    type-detect "^4.0.0"

defaults@^1.0.3:
  version "1.0.3"
  resolved "https://registry.yarnpkg.com/defaults/-/defaults-1.0.3.tgz#c656051e9817d9ff08ed881477f3fe4019f3ef7d"
  dependencies:
    clone "^1.0.2"

diff@~1.0.3:
  version "1.0.8"
  resolved "https://registry.yarnpkg.com/diff/-/diff-1.0.8.tgz#343276308ec991b7bc82267ed55bc1411f971666"

easy-table@1.1.0:
  version "1.1.0"
  resolved "https://registry.yarnpkg.com/easy-table/-/easy-table-1.1.0.tgz#86f9ab4c102f0371b7297b92a651d5824bc8cb73"
  optionalDependencies:
    wcwidth ">=1.0.1"

eyes@>=0.1.6:
  version "0.1.8"
  resolved "https://registry.yarnpkg.com/eyes/-/eyes-0.1.8.tgz#62cf120234c683785d902348a800ef3e0cc20bc0"

formulajs@1.0.8:
  version "1.0.8"
  resolved "https://registry.yarnpkg.com/formulajs/-/formulajs-1.0.8.tgz#8c35d164f368a5ffb1a7abcf5075cf8de5e6070e"
  dependencies:
    bessel "0.2.0"
    jStat "1.0.6"
    numeral "1.5.3"
    numeric "1.2.6"

get-func-name@^2.0.0:
  version "2.0.0"
  resolved "https://registry.yarnpkg.com/get-func-name/-/get-func-name-2.0.0.tgz#ead774abee72e20409433a066366023dd6887a41"

jStat@1.0.6:
  version "1.0.6"
  resolved "https://registry.yarnpkg.com/jStat/-/jStat-1.0.6.tgz#b37804b9b4b6efe7fde00d308fd699afc971d558"
  dependencies:
    uglify-js "1.2.3"
    vows "0.7.x"

lodash.isboolean@^3.0.3:
  version "3.0.3"
  resolved "https://registry.yarnpkg.com/lodash.isboolean/-/lodash.isboolean-3.0.3.tgz#6c2e171db2a257cd96802fd43b01b20d5f5870f6"

lodash.isempty@^4.4.0:
  version "4.4.0"
  resolved "http://registry.npmjs.org/lodash.isempty/-/lodash.isempty-4.4.0.tgz#6f86cbedd8be4ec987be9aaf33c9684db1b31e7e"

lodash@^4.17.11:
  version "4.17.11"
  resolved "https://registry.yarnpkg.com/lodash/-/lodash-4.17.11.tgz#b39ea6229ef607ecd89e2c8df12536891cac9b8d"

mock-require@2.0.2:
  version "2.0.2"
  resolved "https://registry.yarnpkg.com/mock-require/-/mock-require-2.0.2.tgz#1eaa71aad23013773d127dc7e91a3fbb4837d60d"
  dependencies:
    caller-id "^0.1.0"

moment@2.22.1:
  version "2.22.1"
  resolved "https://registry.yarnpkg.com/moment/-/moment-2.22.1.tgz#529a2e9bf973f259c9643d237fda84de3a26e8ad"

numeral@1.5.3:
  version "1.5.3"
  resolved "http://registry.npmjs.org/numeral/-/numeral-1.5.3.tgz#a4c3eba68239580509f818267c77243bce43ff62"

numeral@^2.0.6:
  version "2.0.6"
  resolved "https://registry.yarnpkg.com/numeral/-/numeral-2.0.6.tgz#4ad080936d443c2561aed9f2197efffe25f4e506"

numeric@1.2.6:
  version "1.2.6"
  resolved "https://registry.yarnpkg.com/numeric/-/numeric-1.2.6.tgz#765b02bef97988fcf880d4eb3f36b80fa31335aa"

papaparse@4.4.0:
  version "4.4.0"
  resolved "https://registry.yarnpkg.com/papaparse/-/papaparse-4.4.0.tgz#6bcdbda80873e00cfb0bdcd7a4571c72a9a40168"

papaparse@4.5.0:
  version "4.5.0"
  resolved "https://registry.yarnpkg.com/papaparse/-/papaparse-4.5.0.tgz#fb625d390b6e5d544db20658ce3665002c3d8e80"

pathval@^1.0.0, pathval@^1.1.0:
  version "1.1.0"
  resolved "https://registry.yarnpkg.com/pathval/-/pathval-1.1.0.tgz#b942e6d4bde653005ef6b71361def8727d0645e0"

performance-now@^2.0.0:
  version "2.1.0"
  resolved "https://registry.yarnpkg.com/performance-now/-/performance-now-2.1.0.tgz#6309f4e0e5fa913ec1c69307ae364b4b377c9e7b"

stack-trace@~0.0.7:
  version "0.0.10"
  resolved "https://registry.yarnpkg.com/stack-trace/-/stack-trace-0.0.10.tgz#547c70b347e8d32b4e108ea1a2a159e5fdde19c0"

statman-stopwatch@2.7.0:
  version "2.7.0"
  resolved "https://registry.yarnpkg.com/statman-stopwatch/-/statman-stopwatch-2.7.0.tgz#cfa7c203420ab3804d8d2b0745cc0519a60cf143"
  dependencies:
    lodash.isboolean "^3.0.3"
    lodash.isempty "^4.4.0"
    performance-now "^2.0.0"
    string-template "^1.0.0"
    uuid "^3.0.1"

string-template@^1.0.0:
  version "1.0.0"
  resolved "https://registry.yarnpkg.com/string-template/-/string-template-1.0.0.tgz#9e9f2233dc00f218718ec379a28a5673ecca8b96"

sugar-core@^2.0.0:
  version "2.0.6"
  resolved "https://registry.yarnpkg.com/sugar-core/-/sugar-core-2.0.6.tgz#785e0cd64aa7302ea54d47bc1213efe52c006270"

sugar@2.0.4:
  version "2.0.4"
  resolved "http://registry.npmjs.org/sugar/-/sugar-2.0.4.tgz#79a6fa4dabc587fb855a52ee7176dd042bf757b0"
  dependencies:
    sugar-core "^2.0.0"

type-detect@^4.0.0, type-detect@^4.0.5:
  version "4.0.8"
  resolved "https://registry.yarnpkg.com/type-detect/-/type-detect-4.0.8.tgz#7646fb5f18871cfbb7749e69bd39a6388eb7450c"

uglify-js@1.2.3:
  version "1.2.3"
  resolved "http://registry.npmjs.org/uglify-js/-/uglify-js-1.2.3.tgz#3b0ce6631a28dcaa64302b893123b20876bdc536"

uuid@^3.0.1:
  version "3.3.2"
  resolved "https://registry.yarnpkg.com/uuid/-/uuid-3.3.2.tgz#1b4af4955eb3077c501c23872fc6513811587131"

voc@:
  version "1.1.0"
  resolved "https://registry.yarnpkg.com/voc/-/voc-1.1.0.tgz#d1a08aeff66646bf17cdba2e47c935a7a9b0218b"

vows@0.7.x:
  version "0.7.0"
  resolved "https://registry.yarnpkg.com/vows/-/vows-0.7.0.tgz#dd0065f110ba0c0a6d63e844851c3208176d5867"
  dependencies:
    diff "~1.0.3"
    eyes ">=0.1.6"

wcwidth@>=1.0.1:
  version "1.0.1"
  resolved "https://registry.yarnpkg.com/wcwidth/-/wcwidth-1.0.1.tgz#f0b0dcf915bc5ff1528afadb2c0e17b532da2fe8"
  dependencies:
    defaults "^1.0.3"
